{
  "version": 4,
  "terraform_version": "1.2.3",
  "serial": 222,
  "lineage": "90c39e40-360d-9dcd-66b2-32786a3e885c",
  "outputs": {},
  "resources": [
    {
      "mode": "data",
      "type": "archive_file",
      "name": "source",
      "provider": "provider[\"registry.terraform.io/hashicorp/archive\"]",
      "instances": [
        {
          "schema_version": 0,
          "attributes": {
            "excludes": null,
            "id": "f0d547ff65d5ac15ed93fd1a6e6a904f32e1606b",
            "output_base64sha256": "qB6JfuzD+krafnFZlNLhJKtXziaGuKlB5tbwD9mK9vA=",
            "output_file_mode": null,
            "output_md5": "5e929262fde76a88469005897802cba9",
            "output_path": "/tmp/function.zip",
            "output_sha": "f0d547ff65d5ac15ed93fd1a6e6a904f32e1606b",
            "output_size": 1347,
            "source": [],
            "source_content": null,
            "source_content_filename": null,
            "source_dir": "../functions",
            "source_file": null,
            "type": "zip"
          },
          "sensitive_attributes": []
        }
      ]
    },
    {
      "mode": "managed",
      "type": "google_cloud_scheduler_job",
      "name": "start_db_1",
      "provider": "provider[\"registry.terraform.io/hashicorp/google\"]",
      "instances": [
        {
          "schema_version": 0,
          "attributes": {
            "app_engine_http_target": [],
            "description": "Start Cloud SQL instance ",
            "http_target": [
              {
                "body": "eyJhY3Rpb24iOiJzdGFydCIsICJkYl9pbnN0YW5jZV9uYW1lIjoidGVzdDEifQ==",
                "headers": null,
                "http_method": "POST",
                "oauth_token": [],
                "oidc_token": [
                  {
                    "audience": "https://europe-west1-earthapi-351012.cloudfunctions.net/cloudsql_manager",
                    "service_account_email": "cloud-function-invoker@earthapi-351012.iam.gserviceaccount.com"
                  }
                ],
                "uri": "https://europe-west1-earthapi-351012.cloudfunctions.net/cloudsql_manager"
              }
            ],
            "id": "projects/earthapi-351012/locations/europe-west1/jobs/start-cloudsql-instance",
            "name": "start-cloudsql-instance",
            "project": "earthapi-351012",
            "pubsub_target": [],
            "region": "europe-west1",
            "retry_config": [
              {
                "max_backoff_duration": "3600s",
                "max_doublings": 5,
                "max_retry_duration": "0s",
                "min_backoff_duration": "5s",
                "retry_count": 1
              }
            ],
            "schedule": "every day 23:59",
            "time_zone": "Europe/Amsterdam",
            "timeouts": null
          },
          "sensitive_attributes": [],
          "private": "eyJlMmJmYjczMC1lY2FhLTExZTYtOGY4OC0zNDM2M2JjN2M0YzAiOnsiY3JlYXRlIjoyNDAwMDAwMDAwMDAsImRlbGV0ZSI6MjQwMDAwMDAwMDAwfX0=",
          "dependencies": [
            "data.archive_file.source",
            "google_cloudfunctions_function.function",
            "google_cloudfunctions_function_iam_member.invoker",
            "google_service_account.service_account",
            "google_storage_bucket.function_bucket",
            "google_storage_bucket_object.zip"
          ]
        }
      ]
    },
    {
      "mode": "managed",
      "type": "google_cloud_scheduler_job",
      "name": "stop_db_1",
      "provider": "provider[\"registry.terraform.io/hashicorp/google\"]",
      "instances": [
        {
          "schema_version": 0,
          "attributes": {
            "app_engine_http_target": [],
            "description": "Stop Cloud SQL instance",
            "http_target": [
              {
                "body": "eyJhY3Rpb24iOiJzdG9wIiwgImRiX2luc3RhbmNlX25hbWUiOiJ0ZXN0MSJ9",
                "headers": null,
                "http_method": "POST",
                "oauth_token": [],
                "oidc_token": [
                  {
                    "audience": "https://europe-west1-earthapi-351012.cloudfunctions.net/cloudsql_manager",
                    "service_account_email": "cloud-function-invoker@earthapi-351012.iam.gserviceaccount.com"
                  }
                ],
                "uri": "https://europe-west1-earthapi-351012.cloudfunctions.net/cloudsql_manager"
              }
            ],
            "id": "projects/earthapi-351012/locations/europe-west1/jobs/stop-cloudsql-instance",
            "name": "stop-cloudsql-instance",
            "project": "earthapi-351012",
            "pubsub_target": [],
            "region": "europe-west1",
            "retry_config": [
              {
                "max_backoff_duration": "3600s",
                "max_doublings": 5,
                "max_retry_duration": "0s",
                "min_backoff_duration": "5s",
                "retry_count": 1
              }
            ],
            "schedule": "every day 00:02",
            "time_zone": "Europe/Amsterdam",
            "timeouts": null
          },
          "sensitive_attributes": [],
          "private": "eyJlMmJmYjczMC1lY2FhLTExZTYtOGY4OC0zNDM2M2JjN2M0YzAiOnsiY3JlYXRlIjoyNDAwMDAwMDAwMDAsImRlbGV0ZSI6MjQwMDAwMDAwMDAwfX0=",
          "dependencies": [
            "data.archive_file.source",
            "google_cloudfunctions_function.function",
            "google_cloudfunctions_function_iam_member.invoker",
            "google_service_account.service_account",
            "google_storage_bucket.function_bucket",
            "google_storage_bucket_object.zip"
          ]
        }
      ]
    },
    {
      "mode": "managed",
      "type": "google_cloudfunctions_function",
      "name": "function",
      "provider": "provider[\"registry.terraform.io/hashicorp/google\"]",
      "instances": [
        {
          "schema_version": 0,
          "attributes": {
            "available_memory_mb": 256,
            "description": "",
            "entry_point": "manage_db",
            "environment_variables": {},
            "event_trigger": [],
            "https_trigger_url": "https://europe-west1-earthapi-351012.cloudfunctions.net/cloudsql_manager",
            "id": "projects/earthapi-351012/locations/europe-west1/functions/cloudsql_manager",
            "labels": {},
            "max_instances": 0,
            "name": "cloudsql_manager",
            "project": "earthapi-351012",
            "region": "europe-west1",
            "runtime": "python39",
            "service_account_email": "earthapi-351012@appspot.gserviceaccount.com",
            "source_archive_bucket": "earthapi-351012-function",
            "source_archive_object": "src-5e929262fde76a88469005897802cba9.zip",
            "source_repository": [],
            "timeout": 60,
            "timeouts": null,
            "trigger_http": true,
            "vpc_connector": ""
          },
          "sensitive_attributes": [],
          "private": "eyJlMmJmYjczMC1lY2FhLTExZTYtOGY4OC0zNDM2M2JjN2M0YzAiOnsiY3JlYXRlIjozMDAwMDAwMDAwMDAsImRlbGV0ZSI6MzAwMDAwMDAwMDAwLCJyZWFkIjozMDAwMDAwMDAwMDAsInVwZGF0ZSI6MzAwMDAwMDAwMDAwfX0=",
          "dependencies": [
            "data.archive_file.source",
            "google_storage_bucket.function_bucket",
            "google_storage_bucket_object.zip"
          ]
        }
      ]
    },
    {
      "mode": "managed",
      "type": "google_cloudfunctions_function_iam_member",
      "name": "invoker",
      "provider": "provider[\"registry.terraform.io/hashicorp/google\"]",
      "instances": [
        {
          "schema_version": 0,
          "attributes": {
            "cloud_function": "projects/earthapi-351012/locations/europe-west1/functions/cloudsql_manager",
            "etag": "BwXlfxHWm3Y=",
            "id": "projects/earthapi-351012/locations/europe-west1/functions/cloudsql_manager/roles/cloudfunctions.invoker/serviceaccount:cloud-function-invoker@earthapi-351012.iam.gserviceaccount.com",
            "member": "serviceAccount:cloud-function-invoker@earthapi-351012.iam.gserviceaccount.com",
            "project": "earthapi-351012",
            "region": "europe-west1",
            "role": "roles/cloudfunctions.invoker"
          },
          "sensitive_attributes": [],
          "private": "bnVsbA==",
          "dependencies": [
            "data.archive_file.source",
            "google_cloudfunctions_function.function",
            "google_service_account.service_account",
            "google_storage_bucket.function_bucket",
            "google_storage_bucket_object.zip"
          ]
        }
      ]
    },
    {
      "mode": "managed",
      "type": "google_service_account",
      "name": "service_account",
      "provider": "provider[\"registry.terraform.io/hashicorp/google\"]",
      "instances": [
        {
          "schema_version": 0,
          "attributes": {
            "account_id": "cloud-function-invoker",
            "description": "",
            "display_name": "Cloud Function Tutorial Invoker Service Account",
            "email": "cloud-function-invoker@earthapi-351012.iam.gserviceaccount.com",
            "id": "projects/earthapi-351012/serviceAccounts/cloud-function-invoker@earthapi-351012.iam.gserviceaccount.com",
            "name": "projects/earthapi-351012/serviceAccounts/cloud-function-invoker@earthapi-351012.iam.gserviceaccount.com",
            "project": "earthapi-351012",
            "unique_id": "106420228041539739094"
          },
          "sensitive_attributes": [],
          "private": "bnVsbA=="
        }
      ]
    },
    {
      "mode": "managed",
      "type": "google_storage_bucket",
      "name": "function_bucket",
      "provider": "provider[\"registry.terraform.io/hashicorp/google\"]",
      "instances": [
        {
          "schema_version": 0,
          "attributes": {
            "bucket_policy_only": false,
            "cors": [],
            "encryption": [],
            "force_destroy": false,
            "id": "earthapi-351012-function",
            "labels": {},
            "lifecycle_rule": [],
            "location": "EUROPE-WEST1",
            "logging": [],
            "name": "earthapi-351012-function",
            "project": "earthapi-351012",
            "requester_pays": false,
            "retention_policy": [],
            "self_link": "https://www.googleapis.com/storage/v1/b/earthapi-351012-function",
            "storage_class": "STANDARD",
            "url": "gs://earthapi-351012-function",
            "versioning": [],
            "website": []
          },
          "sensitive_attributes": [],
          "private": "bnVsbA=="
        }
      ]
    },
    {
      "mode": "managed",
      "type": "google_storage_bucket_object",
      "name": "zip",
      "provider": "provider[\"registry.terraform.io/hashicorp/google\"]",
      "instances": [
        {
          "schema_version": 0,
          "attributes": {
            "bucket": "earthapi-351012-function",
            "cache_control": "",
            "content": null,
            "content_disposition": "",
            "content_encoding": "",
            "content_language": "",
            "content_type": "application/zip",
            "crc32c": "gbOXJA==",
            "detect_md5hash": "XpKSYv3naohGkAWJeALLqQ==",
            "id": "earthapi-351012-function-src-5e929262fde76a88469005897802cba9.zip",
            "md5hash": "XpKSYv3naohGkAWJeALLqQ==",
            "name": "src-5e929262fde76a88469005897802cba9.zip",
            "output_name": "src-5e929262fde76a88469005897802cba9.zip",
            "self_link": "https://www.googleapis.com/storage/v1/b/earthapi-351012-function/o/src-5e929262fde76a88469005897802cba9.zip",
            "source": "/tmp/function.zip",
            "storage_class": "STANDARD"
          },
          "sensitive_attributes": [],
          "private": "bnVsbA==",
          "dependencies": [
            "data.archive_file.source",
            "google_storage_bucket.function_bucket"
          ]
        }
      ]
    }
  ]
}
